// !$*UTF8*$!
{
	archiveVersion = 1;
	classes = {
	};
	objectVersion = 56;
	objects = {

/* Begin PBXBuildFile section */
		1D964AAF29B8D0CF008C1DEE /* SF-Pro-Display-Bold.otf in Resources */ = {isa = PBXBuildFile; fileRef = 1D964AAE29B8D0CE008C1DEE /* SF-Pro-Display-Bold.otf */; };
		1D964AB129B8D147008C1DEE /* SF-Pro-Display-Medium.otf in Resources */ = {isa = PBXBuildFile; fileRef = 1D964AB029B8D147008C1DEE /* SF-Pro-Display-Medium.otf */; };
		1D964AB329B8D20F008C1DEE /* SF-Pro-Display-Regular.otf in Resources */ = {isa = PBXBuildFile; fileRef = 1D964AB229B8D20F008C1DEE /* SF-Pro-Display-Regular.otf */; };
		1D964AB529B8D26A008C1DEE /* SF-Pro-Display-Semibold.otf in Resources */ = {isa = PBXBuildFile; fileRef = 1D964AB429B8D26A008C1DEE /* SF-Pro-Display-Semibold.otf */; };
		1D964AB729B8D344008C1DEE /* Images.xcassets in Resources */ = {isa = PBXBuildFile; fileRef = 1D964AB629B8D344008C1DEE /* Images.xcassets */; };
		1D964AB929B8D545008C1DEE /* Colors.xcassets in Resources */ = {isa = PBXBuildFile; fileRef = 1D964AB829B8D545008C1DEE /* Colors.xcassets */; };
		1D9FC06A29B7C277007610F8 /* PlenyInterviewTaskApp.swift in Sources */ = {isa = PBXBuildFile; fileRef = 1D9FC06929B7C277007610F8 /* PlenyInterviewTaskApp.swift */; };
		1D9FC06E29B7C27A007610F8 /* Assets.xcassets in Resources */ = {isa = PBXBuildFile; fileRef = 1D9FC06D29B7C27A007610F8 /* Assets.xcassets */; };
		1D9FC07129B7C27A007610F8 /* Preview Assets.xcassets in Resources */ = {isa = PBXBuildFile; fileRef = 1D9FC07029B7C27A007610F8 /* Preview Assets.xcassets */; };
		1D9FC07C29B7C910007610F8 /* LoginView.swift in Sources */ = {isa = PBXBuildFile; fileRef = 1D9FC07B29B7C910007610F8 /* LoginView.swift */; };
		1D9FC0D829B7C9E6007610F8 /* BaseObservableViewModel.swift in Sources */ = {isa = PBXBuildFile; fileRef = 1D9FC08029B7C9E5007610F8 /* BaseObservableViewModel.swift */; };
		1D9FC0D929B7C9E6007610F8 /* BaseNavigationView.swift in Sources */ = {isa = PBXBuildFile; fileRef = 1D9FC08129B7C9E5007610F8 /* BaseNavigationView.swift */; };
		1D9FC0DA29B7C9E6007610F8 /* BaseView.swift in Sources */ = {isa = PBXBuildFile; fileRef = 1D9FC08229B7C9E5007610F8 /* BaseView.swift */; };
		1D9FC0DC29B7C9E6007610F8 /* Regex+Extensions.swift in Sources */ = {isa = PBXBuildFile; fileRef = 1D9FC08529B7C9E5007610F8 /* Regex+Extensions.swift */; };
		1D9FC0DD29B7C9E6007610F8 /* Binding+Extensions.swift in Sources */ = {isa = PBXBuildFile; fileRef = 1D9FC08629B7C9E5007610F8 /* Binding+Extensions.swift */; };
		1D9FC0DE29B7C9E6007610F8 /* Date+Extension.swift in Sources */ = {isa = PBXBuildFile; fileRef = 1D9FC08729B7C9E5007610F8 /* Date+Extension.swift */; };
		1D9FC0DF29B7C9E6007610F8 /* ClosedRange+Extension.swift in Sources */ = {isa = PBXBuildFile; fileRef = 1D9FC08829B7C9E5007610F8 /* ClosedRange+Extension.swift */; };
		1D9FC0E029B7C9E6007610F8 /* Fonts+Extensions.swift in Sources */ = {isa = PBXBuildFile; fileRef = 1D9FC08929B7C9E5007610F8 /* Fonts+Extensions.swift */; };
		1D9FC0E129B7C9E6007610F8 /* UIDevice+Extensions.swift in Sources */ = {isa = PBXBuildFile; fileRef = 1D9FC08A29B7C9E5007610F8 /* UIDevice+Extensions.swift */; };
		1D9FC0E229B7C9E6007610F8 /* UIApplication+Extensions.swift in Sources */ = {isa = PBXBuildFile; fileRef = 1D9FC08B29B7C9E5007610F8 /* UIApplication+Extensions.swift */; };
		1D9FC0E329B7C9E6007610F8 /* Color+Apperance.swift in Sources */ = {isa = PBXBuildFile; fileRef = 1D9FC08C29B7C9E5007610F8 /* Color+Apperance.swift */; };
		1D9FC0E429B7C9E6007610F8 /* String+Extension.swift in Sources */ = {isa = PBXBuildFile; fileRef = 1D9FC08D29B7C9E5007610F8 /* String+Extension.swift */; };
		1D9FC0E729B7C9E6007610F8 /* Requestable.swift in Sources */ = {isa = PBXBuildFile; fileRef = 1D9FC09329B7C9E5007610F8 /* Requestable.swift */; };
		1D9FC0E929B7C9E6007610F8 /* RequestService.swift in Sources */ = {isa = PBXBuildFile; fileRef = 1D9FC09529B7C9E5007610F8 /* RequestService.swift */; };
		1D9FC0EA29B7C9E6007610F8 /* NetworkErrors.swift in Sources */ = {isa = PBXBuildFile; fileRef = 1D9FC09629B7C9E5007610F8 /* NetworkErrors.swift */; };
		1D9FC0EB29B7C9E6007610F8 /* BaseResponce.swift in Sources */ = {isa = PBXBuildFile; fileRef = 1D9FC09729B7C9E5007610F8 /* BaseResponce.swift */; };
		1D9FC0EC29B7C9E6007610F8 /* Enviroment.swift in Sources */ = {isa = PBXBuildFile; fileRef = 1D9FC09829B7C9E5007610F8 /* Enviroment.swift */; };
		1D9FC0ED29B7C9E6007610F8 /* Base.swift in Sources */ = {isa = PBXBuildFile; fileRef = 1D9FC09929B7C9E5007610F8 /* Base.swift */; };
		1D9FC0EE29B7C9E6007610F8 /* NetworkRequest.swift in Sources */ = {isa = PBXBuildFile; fileRef = 1D9FC09A29B7C9E5007610F8 /* NetworkRequest.swift */; };
		1D9FC0F029B7C9E6007610F8 /* NetworkMonitor.swift in Sources */ = {isa = PBXBuildFile; fileRef = 1D9FC09C29B7C9E5007610F8 /* NetworkMonitor.swift */; };
		1D9FC0F129B7C9E6007610F8 /* Endpoint.swift in Sources */ = {isa = PBXBuildFile; fileRef = 1D9FC09D29B7C9E5007610F8 /* Endpoint.swift */; };
		1D9FC11E29B7CAE1007610F8 /* BaseBackgroundView.swift in Sources */ = {isa = PBXBuildFile; fileRef = 1D9FC11D29B7CAE1007610F8 /* BaseBackgroundView.swift */; };
		1D9FC12029B7CBF1007610F8 /* View+NavigationBar.swift in Sources */ = {isa = PBXBuildFile; fileRef = 1D9FC11F29B7CBF1007610F8 /* View+NavigationBar.swift */; };
		1D9FC13829B7D32C007610F8 /* LoginModel.swift in Sources */ = {isa = PBXBuildFile; fileRef = 1D9FC13729B7D32C007610F8 /* LoginModel.swift */; };
		1D9FC13B29B7D3C1007610F8 /* AuthEndpoint.swift in Sources */ = {isa = PBXBuildFile; fileRef = 1D9FC13A29B7D3C1007610F8 /* AuthEndpoint.swift */; };
		1D9FC13D29B7D559007610F8 /* AuthModel.swift in Sources */ = {isa = PBXBuildFile; fileRef = 1D9FC13C29B7D559007610F8 /* AuthModel.swift */; };
		1D9FC13F29B7D5D8007610F8 /* AuthService.swift in Sources */ = {isa = PBXBuildFile; fileRef = 1D9FC13E29B7D5D8007610F8 /* AuthService.swift */; };
		1D9FC14229B7D736007610F8 /* LoginViewModel.swift in Sources */ = {isa = PBXBuildFile; fileRef = 1D9FC14129B7D736007610F8 /* LoginViewModel.swift */; };
		1DB6FEB029B90282001C1CE2 /* TextFieldView.swift in Sources */ = {isa = PBXBuildFile; fileRef = 1DB6FEAD29B90282001C1CE2 /* TextFieldView.swift */; };
		1DB6FEB129B90282001C1CE2 /* TextFieldLabel.swift in Sources */ = {isa = PBXBuildFile; fileRef = 1DB6FEAE29B90282001C1CE2 /* TextFieldLabel.swift */; };
		1DB6FEB629B9085D001C1CE2 /* AppActionButton.swift in Sources */ = {isa = PBXBuildFile; fileRef = 1DB6FEB529B9085D001C1CE2 /* AppActionButton.swift */; };
		1DB6FEB829B908C1001C1CE2 /* LoadingIndicator.swift in Sources */ = {isa = PBXBuildFile; fileRef = 1DB6FEB729B908C1001C1CE2 /* LoadingIndicator.swift */; };
		1DB6FEBB29B9190B001C1CE2 /* LoginFormView.swift in Sources */ = {isa = PBXBuildFile; fileRef = 1DB6FEBA29B9190A001C1CE2 /* LoginFormView.swift */; };
		1DB6FEBD29B91930001C1CE2 /* FieldSection.swift in Sources */ = {isa = PBXBuildFile; fileRef = 1DB6FEBC29B91930001C1CE2 /* FieldSection.swift */; };
/* End PBXBuildFile section */

/* Begin PBXFileReference section */
		1D964AAE29B8D0CE008C1DEE /* SF-Pro-Display-Bold.otf */ = {isa = PBXFileReference; lastKnownFileType = file; path = "SF-Pro-Display-Bold.otf"; sourceTree = "<group>"; };
		1D964AB029B8D147008C1DEE /* SF-Pro-Display-Medium.otf */ = {isa = PBXFileReference; lastKnownFileType = file; path = "SF-Pro-Display-Medium.otf"; sourceTree = "<group>"; };
		1D964AB229B8D20F008C1DEE /* SF-Pro-Display-Regular.otf */ = {isa = PBXFileReference; lastKnownFileType = file; path = "SF-Pro-Display-Regular.otf"; sourceTree = "<group>"; };
		1D964AB429B8D26A008C1DEE /* SF-Pro-Display-Semibold.otf */ = {isa = PBXFileReference; lastKnownFileType = file; path = "SF-Pro-Display-Semibold.otf"; sourceTree = "<group>"; };
		1D964AB629B8D344008C1DEE /* Images.xcassets */ = {isa = PBXFileReference; lastKnownFileType = folder.assetcatalog; path = Images.xcassets; sourceTree = "<group>"; };
		1D964AB829B8D545008C1DEE /* Colors.xcassets */ = {isa = PBXFileReference; lastKnownFileType = folder.assetcatalog; path = Colors.xcassets; sourceTree = "<group>"; };
		1D9FC06629B7C277007610F8 /* PlenyInterviewTask.app */ = {isa = PBXFileReference; explicitFileType = wrapper.application; includeInIndex = 0; path = PlenyInterviewTask.app; sourceTree = BUILT_PRODUCTS_DIR; };
		1D9FC06929B7C277007610F8 /* PlenyInterviewTaskApp.swift */ = {isa = PBXFileReference; lastKnownFileType = sourcecode.swift; path = PlenyInterviewTaskApp.swift; sourceTree = "<group>"; };
		1D9FC06D29B7C27A007610F8 /* Assets.xcassets */ = {isa = PBXFileReference; lastKnownFileType = folder.assetcatalog; path = Assets.xcassets; sourceTree = "<group>"; };
		1D9FC07029B7C27A007610F8 /* Preview Assets.xcassets */ = {isa = PBXFileReference; lastKnownFileType = folder.assetcatalog; path = "Preview Assets.xcassets"; sourceTree = "<group>"; };
		1D9FC07B29B7C910007610F8 /* LoginView.swift */ = {isa = PBXFileReference; lastKnownFileType = sourcecode.swift; path = LoginView.swift; sourceTree = "<group>"; };
		1D9FC08029B7C9E5007610F8 /* BaseObservableViewModel.swift */ = {isa = PBXFileReference; fileEncoding = 4; lastKnownFileType = sourcecode.swift; path = BaseObservableViewModel.swift; sourceTree = "<group>"; };
		1D9FC08129B7C9E5007610F8 /* BaseNavigationView.swift */ = {isa = PBXFileReference; fileEncoding = 4; lastKnownFileType = sourcecode.swift; path = BaseNavigationView.swift; sourceTree = "<group>"; };
		1D9FC08229B7C9E5007610F8 /* BaseView.swift */ = {isa = PBXFileReference; fileEncoding = 4; lastKnownFileType = sourcecode.swift; path = BaseView.swift; sourceTree = "<group>"; };
		1D9FC08529B7C9E5007610F8 /* Regex+Extensions.swift */ = {isa = PBXFileReference; fileEncoding = 4; lastKnownFileType = sourcecode.swift; path = "Regex+Extensions.swift"; sourceTree = "<group>"; };
		1D9FC08629B7C9E5007610F8 /* Binding+Extensions.swift */ = {isa = PBXFileReference; fileEncoding = 4; lastKnownFileType = sourcecode.swift; path = "Binding+Extensions.swift"; sourceTree = "<group>"; };
		1D9FC08729B7C9E5007610F8 /* Date+Extension.swift */ = {isa = PBXFileReference; fileEncoding = 4; lastKnownFileType = sourcecode.swift; path = "Date+Extension.swift"; sourceTree = "<group>"; };
		1D9FC08829B7C9E5007610F8 /* ClosedRange+Extension.swift */ = {isa = PBXFileReference; fileEncoding = 4; lastKnownFileType = sourcecode.swift; path = "ClosedRange+Extension.swift"; sourceTree = "<group>"; };
		1D9FC08929B7C9E5007610F8 /* Fonts+Extensions.swift */ = {isa = PBXFileReference; fileEncoding = 4; lastKnownFileType = sourcecode.swift; path = "Fonts+Extensions.swift"; sourceTree = "<group>"; };
		1D9FC08A29B7C9E5007610F8 /* UIDevice+Extensions.swift */ = {isa = PBXFileReference; fileEncoding = 4; lastKnownFileType = sourcecode.swift; path = "UIDevice+Extensions.swift"; sourceTree = "<group>"; };
		1D9FC08B29B7C9E5007610F8 /* UIApplication+Extensions.swift */ = {isa = PBXFileReference; fileEncoding = 4; lastKnownFileType = sourcecode.swift; path = "UIApplication+Extensions.swift"; sourceTree = "<group>"; };
		1D9FC08C29B7C9E5007610F8 /* Color+Apperance.swift */ = {isa = PBXFileReference; fileEncoding = 4; lastKnownFileType = sourcecode.swift; path = "Color+Apperance.swift"; sourceTree = "<group>"; };
		1D9FC08D29B7C9E5007610F8 /* String+Extension.swift */ = {isa = PBXFileReference; fileEncoding = 4; lastKnownFileType = sourcecode.swift; path = "String+Extension.swift"; sourceTree = "<group>"; };
		1D9FC09329B7C9E5007610F8 /* Requestable.swift */ = {isa = PBXFileReference; fileEncoding = 4; lastKnownFileType = sourcecode.swift; path = Requestable.swift; sourceTree = "<group>"; };
		1D9FC09529B7C9E5007610F8 /* RequestService.swift */ = {isa = PBXFileReference; fileEncoding = 4; lastKnownFileType = sourcecode.swift; path = RequestService.swift; sourceTree = "<group>"; };
		1D9FC09629B7C9E5007610F8 /* NetworkErrors.swift */ = {isa = PBXFileReference; fileEncoding = 4; lastKnownFileType = sourcecode.swift; path = NetworkErrors.swift; sourceTree = "<group>"; };
		1D9FC09729B7C9E5007610F8 /* BaseResponce.swift */ = {isa = PBXFileReference; fileEncoding = 4; lastKnownFileType = sourcecode.swift; path = BaseResponce.swift; sourceTree = "<group>"; };
		1D9FC09829B7C9E5007610F8 /* Enviroment.swift */ = {isa = PBXFileReference; fileEncoding = 4; lastKnownFileType = sourcecode.swift; path = Enviroment.swift; sourceTree = "<group>"; };
		1D9FC09929B7C9E5007610F8 /* Base.swift */ = {isa = PBXFileReference; fileEncoding = 4; lastKnownFileType = sourcecode.swift; path = Base.swift; sourceTree = "<group>"; };
		1D9FC09A29B7C9E5007610F8 /* NetworkRequest.swift */ = {isa = PBXFileReference; fileEncoding = 4; lastKnownFileType = sourcecode.swift; path = NetworkRequest.swift; sourceTree = "<group>"; };
		1D9FC09C29B7C9E5007610F8 /* NetworkMonitor.swift */ = {isa = PBXFileReference; fileEncoding = 4; lastKnownFileType = sourcecode.swift; path = NetworkMonitor.swift; sourceTree = "<group>"; };
		1D9FC09D29B7C9E5007610F8 /* Endpoint.swift */ = {isa = PBXFileReference; fileEncoding = 4; lastKnownFileType = sourcecode.swift; path = Endpoint.swift; sourceTree = "<group>"; };
		1D9FC11D29B7CAE1007610F8 /* BaseBackgroundView.swift */ = {isa = PBXFileReference; lastKnownFileType = sourcecode.swift; path = BaseBackgroundView.swift; sourceTree = "<group>"; };
		1D9FC11F29B7CBF1007610F8 /* View+NavigationBar.swift */ = {isa = PBXFileReference; lastKnownFileType = sourcecode.swift; path = "View+NavigationBar.swift"; sourceTree = "<group>"; };
		1D9FC13529B7CDEC007610F8 /* Info.plist */ = {isa = PBXFileReference; lastKnownFileType = text.plist; path = Info.plist; sourceTree = "<group>"; };
		1D9FC13729B7D32C007610F8 /* LoginModel.swift */ = {isa = PBXFileReference; lastKnownFileType = sourcecode.swift; path = LoginModel.swift; sourceTree = "<group>"; };
		1D9FC13A29B7D3C1007610F8 /* AuthEndpoint.swift */ = {isa = PBXFileReference; lastKnownFileType = sourcecode.swift; path = AuthEndpoint.swift; sourceTree = "<group>"; };
		1D9FC13C29B7D559007610F8 /* AuthModel.swift */ = {isa = PBXFileReference; lastKnownFileType = sourcecode.swift; path = AuthModel.swift; sourceTree = "<group>"; };
		1D9FC13E29B7D5D8007610F8 /* AuthService.swift */ = {isa = PBXFileReference; lastKnownFileType = sourcecode.swift; path = AuthService.swift; sourceTree = "<group>"; };
		1D9FC14129B7D736007610F8 /* LoginViewModel.swift */ = {isa = PBXFileReference; lastKnownFileType = sourcecode.swift; path = LoginViewModel.swift; sourceTree = "<group>"; };
		1DB6FEAD29B90282001C1CE2 /* TextFieldView.swift */ = {isa = PBXFileReference; fileEncoding = 4; lastKnownFileType = sourcecode.swift; path = TextFieldView.swift; sourceTree = "<group>"; };
		1DB6FEAE29B90282001C1CE2 /* TextFieldLabel.swift */ = {isa = PBXFileReference; fileEncoding = 4; lastKnownFileType = sourcecode.swift; path = TextFieldLabel.swift; sourceTree = "<group>"; };
		1DB6FEB529B9085D001C1CE2 /* AppActionButton.swift */ = {isa = PBXFileReference; fileEncoding = 4; lastKnownFileType = sourcecode.swift; path = AppActionButton.swift; sourceTree = "<group>"; };
		1DB6FEB729B908C1001C1CE2 /* LoadingIndicator.swift */ = {isa = PBXFileReference; fileEncoding = 4; lastKnownFileType = sourcecode.swift; path = LoadingIndicator.swift; sourceTree = "<group>"; };
		1DB6FEBA29B9190A001C1CE2 /* LoginFormView.swift */ = {isa = PBXFileReference; lastKnownFileType = sourcecode.swift; path = LoginFormView.swift; sourceTree = "<group>"; };
		1DB6FEBC29B91930001C1CE2 /* FieldSection.swift */ = {isa = PBXFileReference; lastKnownFileType = sourcecode.swift; path = FieldSection.swift; sourceTree = "<group>"; };
/* End PBXFileReference section */

/* Begin PBXFrameworksBuildPhase section */
		1D9FC06329B7C277007610F8 /* Frameworks */ = {
			isa = PBXFrameworksBuildPhase;
			buildActionMask = 2147483647;
			files = (
			);
			runOnlyForDeploymentPostprocessing = 0;
		};
/* End PBXFrameworksBuildPhase section */

/* Begin PBXGroup section */
		1D9FC05D29B7C276007610F8 = {
			isa = PBXGroup;
			children = (
				1D9FC06829B7C277007610F8 /* PlenyInterviewTask */,
				1D9FC06729B7C277007610F8 /* Products */,
			);
			sourceTree = "<group>";
		};
		1D9FC06729B7C277007610F8 /* Products */ = {
			isa = PBXGroup;
			children = (
				1D9FC06629B7C277007610F8 /* PlenyInterviewTask.app */,
			);
			name = Products;
			sourceTree = "<group>";
		};
		1D9FC06829B7C277007610F8 /* PlenyInterviewTask */ = {
			isa = PBXGroup;
			children = (
				1D9FC13529B7CDEC007610F8 /* Info.plist */,
				1D9FC07729B7C841007610F8 /* App */,
				1D9FC07829B7C8DD007610F8 /* Scenes */,
				1D9FC11A29B7CAAE007610F8 /* View Components */,
				1D9FC07E29B7C993007610F8 /* Core */,
				1D9FC06F29B7C27A007610F8 /* Preview Content */,
			);
			path = PlenyInterviewTask;
			sourceTree = "<group>";
		};
		1D9FC06F29B7C27A007610F8 /* Preview Content */ = {
			isa = PBXGroup;
			children = (
				1D9FC07029B7C27A007610F8 /* Preview Assets.xcassets */,
			);
			path = "Preview Content";
			sourceTree = "<group>";
		};
		1D9FC07729B7C841007610F8 /* App */ = {
			isa = PBXGroup;
			children = (
				1D9FC06929B7C277007610F8 /* PlenyInterviewTaskApp.swift */,
			);
			path = App;
			sourceTree = "<group>";
		};
		1D9FC07829B7C8DD007610F8 /* Scenes */ = {
			isa = PBXGroup;
			children = (
				1D9FC07929B7C8EA007610F8 /* Login */,
			);
			path = Scenes;
			sourceTree = "<group>";
		};
		1D9FC07929B7C8EA007610F8 /* Login */ = {
			isa = PBXGroup;
			children = (
				1D9FC14029B7D726007610F8 /* View Model */,
				1D9FC13629B7D315007610F8 /* Model */,
				1D9FC07A29B7C8F0007610F8 /* View */,
			);
			path = Login;
			sourceTree = "<group>";
		};
		1D9FC07A29B7C8F0007610F8 /* View */ = {
			isa = PBXGroup;
			children = (
				1DB6FEB929B918F1001C1CE2 /* Sub Views */,
				1D9FC07B29B7C910007610F8 /* LoginView.swift */,
			);
			path = View;
			sourceTree = "<group>";
		};
		1D9FC07D29B7C94E007610F8 /* Resources */ = {
			isa = PBXGroup;
			children = (
				1D9FC12229B7CC6C007610F8 /* Fonts */,
				1D9FC12129B7CC61007610F8 /* Assets */,
			);
			path = Resources;
			sourceTree = "<group>";
		};
		1D9FC07E29B7C993007610F8 /* Core */ = {
			isa = PBXGroup;
			children = (
				1D9FC07F29B7C9E5007610F8 /* Base */,
				1D9FC08329B7C9E5007610F8 /* Extensions */,
				1D9FC09029B7C9E5007610F8 /* Services */,
				1D9FC07D29B7C94E007610F8 /* Resources */,
			);
			path = Core;
			sourceTree = "<group>";
		};
		1D9FC07F29B7C9E5007610F8 /* Base */ = {
			isa = PBXGroup;
			children = (
				1D9FC08029B7C9E5007610F8 /* BaseObservableViewModel.swift */,
				1D9FC08129B7C9E5007610F8 /* BaseNavigationView.swift */,
				1D9FC08229B7C9E5007610F8 /* BaseView.swift */,
			);
			path = Base;
			sourceTree = "<group>";
		};
		1D9FC08329B7C9E5007610F8 /* Extensions */ = {
			isa = PBXGroup;
			children = (
				1D9FC08529B7C9E5007610F8 /* Regex+Extensions.swift */,
				1D9FC08629B7C9E5007610F8 /* Binding+Extensions.swift */,
				1D9FC08729B7C9E5007610F8 /* Date+Extension.swift */,
				1D9FC08829B7C9E5007610F8 /* ClosedRange+Extension.swift */,
				1D9FC08929B7C9E5007610F8 /* Fonts+Extensions.swift */,
				1D9FC08A29B7C9E5007610F8 /* UIDevice+Extensions.swift */,
				1D9FC08B29B7C9E5007610F8 /* UIApplication+Extensions.swift */,
				1D9FC08C29B7C9E5007610F8 /* Color+Apperance.swift */,
				1D9FC08D29B7C9E5007610F8 /* String+Extension.swift */,
				1D9FC11F29B7CBF1007610F8 /* View+NavigationBar.swift */,
			);
			path = Extensions;
			sourceTree = "<group>";
		};
		1D9FC09029B7C9E5007610F8 /* Services */ = {
			isa = PBXGroup;
			children = (
				1D9FC09129B7C9E5007610F8 /* Remote */,
			);
			path = Services;
			sourceTree = "<group>";
		};
		1D9FC09129B7C9E5007610F8 /* Remote */ = {
			isa = PBXGroup;
			children = (
				1D9FC09229B7C9E5007610F8 /* Base */,
				1D9FC09E29B7C9E5007610F8 /* Services */,
			);
			path = Remote;
			sourceTree = "<group>";
		};
		1D9FC09229B7C9E5007610F8 /* Base */ = {
			isa = PBXGroup;
			children = (
				1D9FC09329B7C9E5007610F8 /* Requestable.swift */,
				1D9FC09529B7C9E5007610F8 /* RequestService.swift */,
				1D9FC09629B7C9E5007610F8 /* NetworkErrors.swift */,
				1D9FC09729B7C9E5007610F8 /* BaseResponce.swift */,
				1D9FC09829B7C9E5007610F8 /* Enviroment.swift */,
				1D9FC09929B7C9E5007610F8 /* Base.swift */,
				1D9FC09A29B7C9E5007610F8 /* NetworkRequest.swift */,
				1D9FC09C29B7C9E5007610F8 /* NetworkMonitor.swift */,
				1D9FC09D29B7C9E5007610F8 /* Endpoint.swift */,
			);
			path = Base;
			sourceTree = "<group>";
		};
		1D9FC09E29B7C9E5007610F8 /* Services */ = {
			isa = PBXGroup;
			children = (
				1D9FC13929B7D370007610F8 /* Auth */,
			);
			path = Services;
			sourceTree = "<group>";
		};
		1D9FC11A29B7CAAE007610F8 /* View Components */ = {
			isa = PBXGroup;
			children = (
				1DB6FEAC29B90282001C1CE2 /* TextFieldComponent */,
				1DB6FEB729B908C1001C1CE2 /* LoadingIndicator.swift */,
				1DB6FEB529B9085D001C1CE2 /* AppActionButton.swift */,
				1D9FC11D29B7CAE1007610F8 /* BaseBackgroundView.swift */,
				1DB6FEBC29B91930001C1CE2 /* FieldSection.swift */,
			);
			path = "View Components";
			sourceTree = "<group>";
		};
		1D9FC12129B7CC61007610F8 /* Assets */ = {
			isa = PBXGroup;
			children = (
				1D9FC06D29B7C27A007610F8 /* Assets.xcassets */,
				1D964AB629B8D344008C1DEE /* Images.xcassets */,
				1D964AB829B8D545008C1DEE /* Colors.xcassets */,
			);
			path = Assets;
			sourceTree = "<group>";
		};
		1D9FC12229B7CC6C007610F8 /* Fonts */ = {
			isa = PBXGroup;
			children = (
				1D964AB229B8D20F008C1DEE /* SF-Pro-Display-Regular.otf */,
				1D964AAE29B8D0CE008C1DEE /* SF-Pro-Display-Bold.otf */,
				1D964AB429B8D26A008C1DEE /* SF-Pro-Display-Semibold.otf */,
				1D964AB029B8D147008C1DEE /* SF-Pro-Display-Medium.otf */,
			);
			path = Fonts;
			sourceTree = "<group>";
		};
		1D9FC13629B7D315007610F8 /* Model */ = {
			isa = PBXGroup;
			children = (
				1D9FC13729B7D32C007610F8 /* LoginModel.swift */,
			);
			path = Model;
			sourceTree = "<group>";
		};
		1D9FC13929B7D370007610F8 /* Auth */ = {
			isa = PBXGroup;
			children = (
				1D9FC13A29B7D3C1007610F8 /* AuthEndpoint.swift */,
				1D9FC13C29B7D559007610F8 /* AuthModel.swift */,
				1D9FC13E29B7D5D8007610F8 /* AuthService.swift */,
			);
			path = Auth;
			sourceTree = "<group>";
		};
		1D9FC14029B7D726007610F8 /* View Model */ = {
			isa = PBXGroup;
			children = (
				1D9FC14129B7D736007610F8 /* LoginViewModel.swift */,
			);
			path = "View Model";
			sourceTree = "<group>";
		};
		1DB6FEAC29B90282001C1CE2 /* TextFieldComponent */ = {
			isa = PBXGroup;
			children = (
				1DB6FEAD29B90282001C1CE2 /* TextFieldView.swift */,
				1DB6FEAE29B90282001C1CE2 /* TextFieldLabel.swift */,
			);
			path = TextFieldComponent;
			sourceTree = "<group>";
		};
		1DB6FEB929B918F1001C1CE2 /* Sub Views */ = {
			isa = PBXGroup;
			children = (
				1DB6FEBA29B9190A001C1CE2 /* LoginFormView.swift */,
			);
			path = "Sub Views";
			sourceTree = "<group>";
		};
/* End PBXGroup section */

/* Begin PBXNativeTarget section */
		1D9FC06529B7C277007610F8 /* PlenyInterviewTask */ = {
			isa = PBXNativeTarget;
			buildConfigurationList = 1D9FC07429B7C27A007610F8 /* Build configuration list for PBXNativeTarget "PlenyInterviewTask" */;
			buildPhases = (
				1D9FC06229B7C277007610F8 /* Sources */,
				1D9FC06329B7C277007610F8 /* Frameworks */,
				1D9FC06429B7C277007610F8 /* Resources */,
			);
			buildRules = (
			);
			dependencies = (
			);
			name = PlenyInterviewTask;
			productName = PlenyInterviewTask;
			productReference = 1D9FC06629B7C277007610F8 /* PlenyInterviewTask.app */;
			productType = "com.apple.product-type.application";
		};
/* End PBXNativeTarget section */

/* Begin PBXProject section */
		1D9FC05E29B7C276007610F8 /* Project object */ = {
			isa = PBXProject;
			attributes = {
				BuildIndependentTargetsInParallel = 1;
				LastSwiftUpdateCheck = 1400;
				LastUpgradeCheck = 1400;
				TargetAttributes = {
					1D9FC06529B7C277007610F8 = {
						CreatedOnToolsVersion = 14.0.1;
					};
				};
			};
			buildConfigurationList = 1D9FC06129B7C276007610F8 /* Build configuration list for PBXProject "PlenyInterviewTask" */;
			compatibilityVersion = "Xcode 14.0";
			developmentRegion = en;
			hasScannedForEncodings = 0;
			knownRegions = (
				en,
				Base,
			);
			mainGroup = 1D9FC05D29B7C276007610F8;
			productRefGroup = 1D9FC06729B7C277007610F8 /* Products */;
			projectDirPath = "";
			projectRoot = "";
			targets = (
				1D9FC06529B7C277007610F8 /* PlenyInterviewTask */,
			);
		};
/* End PBXProject section */

/* Begin PBXResourcesBuildPhase section */
		1D9FC06429B7C277007610F8 /* Resources */ = {
			isa = PBXResourcesBuildPhase;
			buildActionMask = 2147483647;
			files = (
				1D964AB529B8D26A008C1DEE /* SF-Pro-Display-Semibold.otf in Resources */,
				1D964AB129B8D147008C1DEE /* SF-Pro-Display-Medium.otf in Resources */,
				1D964AB729B8D344008C1DEE /* Images.xcassets in Resources */,
				1D9FC07129B7C27A007610F8 /* Preview Assets.xcassets in Resources */,
				1D9FC06E29B7C27A007610F8 /* Assets.xcassets in Resources */,
				1D964AB929B8D545008C1DEE /* Colors.xcassets in Resources */,
				1D964AB329B8D20F008C1DEE /* SF-Pro-Display-Regular.otf in Resources */,
				1D964AAF29B8D0CF008C1DEE /* SF-Pro-Display-Bold.otf in Resources */,
			);
			runOnlyForDeploymentPostprocessing = 0;
		};
/* End PBXResourcesBuildPhase section */

/* Begin PBXSourcesBuildPhase section */
		1D9FC06229B7C277007610F8 /* Sources */ = {
			isa = PBXSourcesBuildPhase;
			buildActionMask = 2147483647;
			files = (
				1D9FC0ED29B7C9E6007610F8 /* Base.swift in Sources */,
				1D9FC0D829B7C9E6007610F8 /* BaseObservableViewModel.swift in Sources */,
				1D9FC0DD29B7C9E6007610F8 /* Binding+Extensions.swift in Sources */,
				1D9FC0DC29B7C9E6007610F8 /* Regex+Extensions.swift in Sources */,
				1D9FC12029B7CBF1007610F8 /* View+NavigationBar.swift in Sources */,
				1D9FC0E729B7C9E6007610F8 /* Requestable.swift in Sources */,
				1D9FC0D929B7C9E6007610F8 /* BaseNavigationView.swift in Sources */,
				1D9FC0E229B7C9E6007610F8 /* UIApplication+Extensions.swift in Sources */,
				1D9FC14229B7D736007610F8 /* LoginViewModel.swift in Sources */,
				1DB6FEB029B90282001C1CE2 /* TextFieldView.swift in Sources */,
				1D9FC0F029B7C9E6007610F8 /* NetworkMonitor.swift in Sources */,
				1D9FC13D29B7D559007610F8 /* AuthModel.swift in Sources */,
				1D9FC0DA29B7C9E6007610F8 /* BaseView.swift in Sources */,
				1D9FC13F29B7D5D8007610F8 /* AuthService.swift in Sources */,
				1D9FC0EB29B7C9E6007610F8 /* BaseResponce.swift in Sources */,
				1D9FC0E129B7C9E6007610F8 /* UIDevice+Extensions.swift in Sources */,
				1D9FC0EC29B7C9E6007610F8 /* Enviroment.swift in Sources */,
				1DB6FEBB29B9190B001C1CE2 /* LoginFormView.swift in Sources */,
				1DB6FEBD29B91930001C1CE2 /* FieldSection.swift in Sources */,
				1DB6FEB629B9085D001C1CE2 /* AppActionButton.swift in Sources */,
				1D9FC0F129B7C9E6007610F8 /* Endpoint.swift in Sources */,
				1D9FC0E029B7C9E6007610F8 /* Fonts+Extensions.swift in Sources */,
				1D9FC0DF29B7C9E6007610F8 /* ClosedRange+Extension.swift in Sources */,
				1D9FC0E929B7C9E6007610F8 /* RequestService.swift in Sources */,
				1DB6FEB829B908C1001C1CE2 /* LoadingIndicator.swift in Sources */,
				1D9FC11E29B7CAE1007610F8 /* BaseBackgroundView.swift in Sources */,
				1D9FC07C29B7C910007610F8 /* LoginView.swift in Sources */,
				1D9FC0E329B7C9E6007610F8 /* Color+Apperance.swift in Sources */,
				1DB6FEB129B90282001C1CE2 /* TextFieldLabel.swift in Sources */,
				1D9FC0EA29B7C9E6007610F8 /* NetworkErrors.swift in Sources */,
				1D9FC13829B7D32C007610F8 /* LoginModel.swift in Sources */,
				1D9FC06A29B7C277007610F8 /* PlenyInterviewTaskApp.swift in Sources */,
				1D9FC0E429B7C9E6007610F8 /* String+Extension.swift in Sources */,
				1D9FC0DE29B7C9E6007610F8 /* Date+Extension.swift in Sources */,
				1D9FC0EE29B7C9E6007610F8 /* NetworkRequest.swift in Sources */,
				1D9FC13B29B7D3C1007610F8 /* AuthEndpoint.swift in Sources */,
			);
			runOnlyForDeploymentPostprocessing = 0;
		};
/* End PBXSourcesBuildPhase section */

/* Begin XCBuildConfiguration section */
		1D9FC07229B7C27A007610F8 /* Debug */ = {
			isa = XCBuildConfiguration;
			buildSettings = {
				ALWAYS_SEARCH_USER_PATHS = NO;
				CLANG_ANALYZER_NONNULL = YES;
				CLANG_ANALYZER_NUMBER_OBJECT_CONVERSION = YES_AGGRESSIVE;
				CLANG_CXX_LANGUAGE_STANDARD = "gnu++20";
				CLANG_ENABLE_MODULES = YES;
				CLANG_ENABLE_OBJC_ARC = YES;
				CLANG_ENABLE_OBJC_WEAK = YES;
				CLANG_WARN_BLOCK_CAPTURE_AUTORELEASING = YES;
				CLANG_WARN_BOOL_CONVERSION = YES;
				CLANG_WARN_COMMA = YES;
				CLANG_WARN_CONSTANT_CONVERSION = YES;
				CLANG_WARN_DEPRECATED_OBJC_IMPLEMENTATIONS = YES;
				CLANG_WARN_DIRECT_OBJC_ISA_USAGE = YES_ERROR;
				CLANG_WARN_DOCUMENTATION_COMMENTS = YES;
				CLANG_WARN_EMPTY_BODY = YES;
				CLANG_WARN_ENUM_CONVERSION = YES;
				CLANG_WARN_INFINITE_RECURSION = YES;
				CLANG_WARN_INT_CONVERSION = YES;
				CLANG_WARN_NON_LITERAL_NULL_CONVERSION = YES;
				CLANG_WARN_OBJC_IMPLICIT_RETAIN_SELF = YES;
				CLANG_WARN_OBJC_LITERAL_CONVERSION = YES;
				CLANG_WARN_OBJC_ROOT_CLASS = YES_ERROR;
				CLANG_WARN_QUOTED_INCLUDE_IN_FRAMEWORK_HEADER = YES;
				CLANG_WARN_RANGE_LOOP_ANALYSIS = YES;
				CLANG_WARN_STRICT_PROTOTYPES = YES;
				CLANG_WARN_SUSPICIOUS_MOVE = YES;
				CLANG_WARN_UNGUARDED_AVAILABILITY = YES_AGGRESSIVE;
				CLANG_WARN_UNREACHABLE_CODE = YES;
				CLANG_WARN__DUPLICATE_METHOD_MATCH = YES;
				COPY_PHASE_STRIP = NO;
				DEBUG_INFORMATION_FORMAT = dwarf;
				ENABLE_STRICT_OBJC_MSGSEND = YES;
				ENABLE_TESTABILITY = YES;
				GCC_C_LANGUAGE_STANDARD = gnu11;
				GCC_DYNAMIC_NO_PIC = NO;
				GCC_NO_COMMON_BLOCKS = YES;
				GCC_OPTIMIZATION_LEVEL = 0;
				GCC_PREPROCESSOR_DEFINITIONS = (
					"DEBUG=1",
					"$(inherited)",
				);
				GCC_WARN_64_TO_32_BIT_CONVERSION = YES;
				GCC_WARN_ABOUT_RETURN_TYPE = YES_ERROR;
				GCC_WARN_UNDECLARED_SELECTOR = YES;
				GCC_WARN_UNINITIALIZED_AUTOS = YES_AGGRESSIVE;
				GCC_WARN_UNUSED_FUNCTION = YES;
				GCC_WARN_UNUSED_VARIABLE = YES;
				IPHONEOS_DEPLOYMENT_TARGET = 16.0;
				MTL_ENABLE_DEBUG_INFO = INCLUDE_SOURCE;
				MTL_FAST_MATH = YES;
				ONLY_ACTIVE_ARCH = YES;
				SDKROOT = iphoneos;
				SWIFT_ACTIVE_COMPILATION_CONDITIONS = DEBUG;
				SWIFT_OPTIMIZATION_LEVEL = "-Onone";
			};
			name = Debug;
		};
		1D9FC07329B7C27A007610F8 /* Release */ = {
			isa = XCBuildConfiguration;
			buildSettings = {
				ALWAYS_SEARCH_USER_PATHS = NO;
				CLANG_ANALYZER_NONNULL = YES;
				CLANG_ANALYZER_NUMBER_OBJECT_CONVERSION = YES_AGGRESSIVE;
				CLANG_CXX_LANGUAGE_STANDARD = "gnu++20";
				CLANG_ENABLE_MODULES = YES;
				CLANG_ENABLE_OBJC_ARC = YES;
				CLANG_ENABLE_OBJC_WEAK = YES;
				CLANG_WARN_BLOCK_CAPTURE_AUTORELEASING = YES;
				CLANG_WARN_BOOL_CONVERSION = YES;
				CLANG_WARN_COMMA = YES;
				CLANG_WARN_CONSTANT_CONVERSION = YES;
				CLANG_WARN_DEPRECATED_OBJC_IMPLEMENTATIONS = YES;
				CLANG_WARN_DIRECT_OBJC_ISA_USAGE = YES_ERROR;
				CLANG_WARN_DOCUMENTATION_COMMENTS = YES;
				CLANG_WARN_EMPTY_BODY = YES;
				CLANG_WARN_ENUM_CONVERSION = YES;
				CLANG_WARN_INFINITE_RECURSION = YES;
				CLANG_WARN_INT_CONVERSION = YES;
				CLANG_WARN_NON_LITERAL_NULL_CONVERSION = YES;
				CLANG_WARN_OBJC_IMPLICIT_RETAIN_SELF = YES;
				CLANG_WARN_OBJC_LITERAL_CONVERSION = YES;
				CLANG_WARN_OBJC_ROOT_CLASS = YES_ERROR;
				CLANG_WARN_QUOTED_INCLUDE_IN_FRAMEWORK_HEADER = YES;
				CLANG_WARN_RANGE_LOOP_ANALYSIS = YES;
				CLANG_WARN_STRICT_PROTOTYPES = YES;
				CLANG_WARN_SUSPICIOUS_MOVE = YES;
				CLANG_WARN_UNGUARDED_AVAILABILITY = YES_AGGRESSIVE;
				CLANG_WARN_UNREACHABLE_CODE = YES;
				CLANG_WARN__DUPLICATE_METHOD_MATCH = YES;
				COPY_PHASE_STRIP = NO;
				DEBUG_INFORMATION_FORMAT = "dwarf-with-dsym";
				ENABLE_NS_ASSERTIONS = NO;
				ENABLE_STRICT_OBJC_MSGSEND = YES;
				GCC_C_LANGUAGE_STANDARD = gnu11;
				GCC_NO_COMMON_BLOCKS = YES;
				GCC_WARN_64_TO_32_BIT_CONVERSION = YES;
				GCC_WARN_ABOUT_RETURN_TYPE = YES_ERROR;
				GCC_WARN_UNDECLARED_SELECTOR = YES;
				GCC_WARN_UNINITIALIZED_AUTOS = YES_AGGRESSIVE;
				GCC_WARN_UNUSED_FUNCTION = YES;
				GCC_WARN_UNUSED_VARIABLE = YES;
				IPHONEOS_DEPLOYMENT_TARGET = 16.0;
				MTL_ENABLE_DEBUG_INFO = NO;
				MTL_FAST_MATH = YES;
				SDKROOT = iphoneos;
				SWIFT_COMPILATION_MODE = wholemodule;
				SWIFT_OPTIMIZATION_LEVEL = "-O";
				VALIDATE_PRODUCT = YES;
			};
			name = Release;
		};
		1D9FC07529B7C27A007610F8 /* Debug */ = {
			isa = XCBuildConfiguration;
			buildSettings = {
				ASSETCATALOG_COMPILER_APPICON_NAME = AppIcon;
				ASSETCATALOG_COMPILER_GLOBAL_ACCENT_COLOR_NAME = AccentColor;
				CODE_SIGN_STYLE = Automatic;
				CURRENT_PROJECT_VERSION = 1;
				DEVELOPMENT_ASSET_PATHS = "\"PlenyInterviewTask/Preview Content\"";
				DEVELOPMENT_TEAM = V76XYJW56A;
				ENABLE_PREVIEWS = YES;
				GENERATE_INFOPLIST_FILE = YES;
				INFOPLIST_FILE = PlenyInterviewTask/Info.plist;
				INFOPLIST_KEY_CFBundleDisplayName = Pleny;
				INFOPLIST_KEY_LSApplicationCategoryType = "public.app-category.food-and-drink";
				INFOPLIST_KEY_UIApplicationSceneManifest_Generation = YES;
				INFOPLIST_KEY_UIApplicationSupportsIndirectInputEvents = YES;
				INFOPLIST_KEY_UILaunchScreen_Generation = YES;
				INFOPLIST_KEY_UISupportedInterfaceOrientations = UIInterfaceOrientationPortrait;
				INFOPLIST_KEY_UISupportedInterfaceOrientations_iPad = "UIInterfaceOrientationLandscapeLeft UIInterfaceOrientationLandscapeRight UIInterfaceOrientationPortrait UIInterfaceOrientationPortraitUpsideDown";
				INFOPLIST_KEY_UIUserInterfaceStyle = Light;
				IPHONEOS_DEPLOYMENT_TARGET = 15.6;
				LD_RUNPATH_SEARCH_PATHS = (
					"$(inherited)",
					"@executable_path/Frameworks",
				);
				MARKETING_VERSION = 1.0;
				PRODUCT_BUNDLE_IDENTIFIER = task.com.app.PlenyInterviewTask;
				PRODUCT_NAME = "$(TARGET_NAME)";
				SUPPORTED_PLATFORMS = "iphoneos iphonesimulator";
				SUPPORTS_MACCATALYST = NO;
				SUPPORTS_MAC_DESIGNED_FOR_IPHONE_IPAD = NO;
				SWIFT_EMIT_LOC_STRINGS = YES;
				SWIFT_VERSION = 5.0;
				TARGETED_DEVICE_FAMILY = 1;
			};
			name = Debug;
		};
		1D9FC07629B7C27A007610F8 /* Release */ = {
			isa = XCBuildConfiguration;
			buildSettings = {
				ASSETCATALOG_COMPILER_APPICON_NAME = AppIcon;
				ASSETCATALOG_COMPILER_GLOBAL_ACCENT_COLOR_NAME = AccentColor;
				CODE_SIGN_STYLE = Automatic;
				CURRENT_PROJECT_VERSION = 1;
				DEVELOPMENT_ASSET_PATHS = "\"PlenyInterviewTask/Preview Content\"";
				DEVELOPMENT_TEAM = V76XYJW56A;
				ENABLE_PREVIEWS = YES;
				GENERATE_INFOPLIST_FILE = YES;
				INFOPLIST_FILE = PlenyInterviewTask/Info.plist;
				INFOPLIST_KEY_CFBundleDisplayName = Pleny;
				INFOPLIST_KEY_LSApplicationCategoryType = "public.app-category.food-and-drink";
				INFOPLIST_KEY_UIApplicationSceneManifest_Generation = YES;
				INFOPLIST_KEY_UIApplicationSupportsIndirectInputEvents = YES;
				INFOPLIST_KEY_UILaunchScreen_Generation = YES;
				INFOPLIST_KEY_UISupportedInterfaceOrientations = UIInterfaceOrientationPortrait;
				INFOPLIST_KEY_UISupportedInterfaceOrientations_iPad = "UIInterfaceOrientationLandscapeLeft UIInterfaceOrientationLandscapeRight UIInterfaceOrientationPortrait UIInterfaceOrientationPortraitUpsideDown";
				INFOPLIST_KEY_UIUserInterfaceStyle = Light;
				IPHONEOS_DEPLOYMENT_TARGET = 15.6;
				LD_RUNPATH_SEARCH_PATHS = (
					"$(inherited)",
					"@executable_path/Frameworks",
				);
				MARKETING_VERSION = 1.0;
				PRODUCT_BUNDLE_IDENTIFIER = task.com.app.PlenyInterviewTask;
				PRODUCT_NAME = "$(TARGET_NAME)";
				SUPPORTED_PLATFORMS = "iphoneos iphonesimulator";
				SUPPORTS_MACCATALYST = NO;
				SUPPORTS_MAC_DESIGNED_FOR_IPHONE_IPAD = NO;
				SWIFT_EMIT_LOC_STRINGS = YES;
				SWIFT_VERSION = 5.0;
				TARGETED_DEVICE_FAMILY = 1;
			};
			name = Release;
		};
/* End XCBuildConfiguration section */

/* Begin XCConfigurationList section */
		1D9FC06129B7C276007610F8 /* Build configuration list for PBXProject "PlenyInterviewTask" */ = {
			isa = XCConfigurationList;
			buildConfigurations = (
				1D9FC07229B7C27A007610F8 /* Debug */,
				1D9FC07329B7C27A007610F8 /* Release */,
			);
			defaultConfigurationIsVisible = 0;
			defaultConfigurationName = Release;
		};
		1D9FC07429B7C27A007610F8 /* Build configuration list for PBXNativeTarget "PlenyInterviewTask" */ = {
			isa = XCConfigurationList;
			buildConfigurations = (
				1D9FC07529B7C27A007610F8 /* Debug */,
				1D9FC07629B7C27A007610F8 /* Release */,
			);
			defaultConfigurationIsVisible = 0;
			defaultConfigurationName = Release;
		};
/* End XCConfigurationList section */
	};
	rootObject = 1D9FC05E29B7C276007610F8 /* Project object */;
}
